
Microsoft Visual Studio Solution File, Format Version 12.00
# Visual Studio Version 17
VisualStudioVersion = 17.4.33213.308
MinimumVisualStudioVersion = 10.0.40219.1
Project("{FAE04EC0-301F-11D3-BF4B-00C04F79EFBC}") = "Array_Uebungaufgaben", "Array_Uebungaufgaben\Array_Uebungaufgaben.csproj", "{EB831E1C-5427-453B-A7C3-2A3035BA5337}"
EndProject
Global
	GlobalSection(SolutionConfigurationPlatforms) = preSolution
		Debug|Any CPU = Debug|Any CPU
		Release|Any CPU = Release|Any CPU
	EndGlobalSection
	GlobalSection(ProjectConfigurationPlatforms) = postSolution
		{EB831E1C-5427-453B-A7C3-2A3035BA5337}.Debug|Any CPU.ActiveCfg = Debug|Any CPU
		{EB831E1C-5427-453B-A7C3-2A3035BA5337}.Debug|Any CPU.Build.0 = Debug|Any CPU
		{EB831E1C-5427-453B-A7C3-2A3035BA5337}.Release|Any CPU.ActiveCfg = Release|Any CPU
		{EB831E1C-5427-453B-A7C3-2A3035BA5337}.Release|Any CPU.Build.0 = Release|Any CPU
	EndGlobalSection
	GlobalSection(SolutionProperties) = preSolution
		HideSolutionNode = FALSE
	EndGlobalSection
	GlobalSection(ExtensibilityGlobals) = postSolution
		SolutionGuid = {65B5DCE6-A030-4A29-BB1B-A0A5642D9C86}
	EndGlobalSection
EndGlobal
